
Microsoft Visual Studio Solution File, Format Version 12.00
# Visual Studio Version 16
VisualStudioVersion = 16.0.30011.22
MinimumVisualStudioVersion = 10.0.40219.1
Project("{FAE04EC0-301F-11D3-BF4B-00C04F79EFBC}") = "SignalMan", "SignalMan.csproj", "{917D8490-EF73-47E6-B869-C45E5746B2F2}"
EndProject
Global
	GlobalSection(SolutionConfigurationPlatforms) = preSolution
		Debug|Any CPU = Debug|Any CPU
		Release|Any CPU = Release|Any CPU
	EndGlobalSection
	GlobalSection(ProjectConfigurationPlatforms) = postSolution
		{917D8490-EF73-47E6-B869-C45E5746B2F2}.Debug|Any CPU.ActiveCfg = Debug|Any CPU
		{917D8490-EF73-47E6-B869-C45E5746B2F2}.Debug|Any CPU.Build.0 = Debug|Any CPU
		{917D8490-EF73-47E6-B869-C45E5746B2F2}.Release|Any CPU.ActiveCfg = Release|Any CPU
		{917D8490-EF73-47E6-B869-C45E5746B2F2}.Release|Any CPU.Build.0 = Release|Any CPU
	EndGlobalSection
	GlobalSection(SolutionProperties) = preSolution
		HideSolutionNode = FALSE
	EndGlobalSection
	GlobalSection(ExtensibilityGlobals) = postSolution
		SolutionGuid = {22EE36BC-D6CD-4098-93D5-AB7406972431}
	EndGlobalSection
EndGlobal
